
Microsoft Visual Studio Solution File, Format Version 12.00
# Blend for Visual Studio 15
VisualStudioVersion = 15.0.28307.572
MinimumVisualStudioVersion = 10.0.40219.1
Project("{FAE04EC0-301F-11D3-BF4B-00C04F79EFBC}") = "BarkPush", "BarkPush\BarkPush.csproj", "{025455ED-0AEB-4DEF-A3E6-7FB133B69EE1}"
EndProject
Global
	GlobalSection(SolutionConfigurationPlatforms) = preSolution
		Debug|Any CPU = Debug|Any CPU
		Release|Any CPU = Release|Any CPU
	EndGlobalSection
	GlobalSection(ProjectConfigurationPlatforms) = postSolution
		{025455ED-0AEB-4DEF-A3E6-7FB133B69EE1}.Debug|Any CPU.ActiveCfg = Debug|Any CPU
		{025455ED-0AEB-4DEF-A3E6-7FB133B69EE1}.Debug|Any CPU.Build.0 = Debug|Any CPU
		{025455ED-0AEB-4DEF-A3E6-7FB133B69EE1}.Release|Any CPU.ActiveCfg = Release|Any CPU
		{025455ED-0AEB-4DEF-A3E6-7FB133B69EE1}.Release|Any CPU.Build.0 = Release|Any CPU
	EndGlobalSection
	GlobalSection(SolutionProperties) = preSolution
		HideSolutionNode = FALSE
	EndGlobalSection
	GlobalSection(ExtensibilityGlobals) = postSolution
		SolutionGuid = {B30C635E-1CC5-4241-A082-06136D26FE0F}
	EndGlobalSection
EndGlobal
